
Microsoft Visual Studio Solution File, Format Version 12.00
# Visual Studio Version 17
VisualStudioVersion = 17.6.33815.320
MinimumVisualStudioVersion = 10.0.40219.1
Project("{FAE04EC0-301F-11D3-BF4B-00C04F79EFBC}") = "sorteddictionaries", "sorteddictionaries\sorteddictionaries.csproj", "{82BFB32D-29D6-4054-8E5A-ECBEC2273320}"
EndProject
Global
	GlobalSection(SolutionConfigurationPlatforms) = preSolution
		Debug|Any CPU = Debug|Any CPU
		Release|Any CPU = Release|Any CPU
	EndGlobalSection
	GlobalSection(ProjectConfigurationPlatforms) = postSolution
		{82BFB32D-29D6-4054-8E5A-ECBEC2273320}.Debug|Any CPU.ActiveCfg = Debug|Any CPU
		{82BFB32D-29D6-4054-8E5A-ECBEC2273320}.Debug|Any CPU.Build.0 = Debug|Any CPU
		{82BFB32D-29D6-4054-8E5A-ECBEC2273320}.Release|Any CPU.ActiveCfg = Release|Any CPU
		{82BFB32D-29D6-4054-8E5A-ECBEC2273320}.Release|Any CPU.Build.0 = Release|Any CPU
	EndGlobalSection
	GlobalSection(SolutionProperties) = preSolution
		HideSolutionNode = FALSE
	EndGlobalSection
	GlobalSection(ExtensibilityGlobals) = postSolution
		SolutionGuid = {FD5AE099-C1AE-4787-8E7D-400ADC02DFD0}
	EndGlobalSection
EndGlobal
