
Microsoft Visual Studio Solution File, Format Version 12.00
# Visual Studio Version 17
VisualStudioVersion = 17.6.33815.320
MinimumVisualStudioVersion = 10.0.40219.1
Project("{FAE04EC0-301F-11D3-BF4B-00C04F79EFBC}") = "linkedlists", "linkedlists\linkedlists.csproj", "{7EE00BF5-1A53-466C-B071-73843805F84A}"
EndProject
Global
	GlobalSection(SolutionConfigurationPlatforms) = preSolution
		Debug|Any CPU = Debug|Any CPU
		Release|Any CPU = Release|Any CPU
	EndGlobalSection
	GlobalSection(ProjectConfigurationPlatforms) = postSolution
		{7EE00BF5-1A53-466C-B071-73843805F84A}.Debug|Any CPU.ActiveCfg = Debug|Any CPU
		{7EE00BF5-1A53-466C-B071-73843805F84A}.Debug|Any CPU.Build.0 = Debug|Any CPU
		{7EE00BF5-1A53-466C-B071-73843805F84A}.Release|Any CPU.ActiveCfg = Release|Any CPU
		{7EE00BF5-1A53-466C-B071-73843805F84A}.Release|Any CPU.Build.0 = Release|Any CPU
	EndGlobalSection
	GlobalSection(SolutionProperties) = preSolution
		HideSolutionNode = FALSE
	EndGlobalSection
	GlobalSection(ExtensibilityGlobals) = postSolution
		SolutionGuid = {22FBC500-7CDC-4E39-B906-107530807912}
	EndGlobalSection
EndGlobal
