
Microsoft Visual Studio Solution File, Format Version 12.00
# Visual Studio Version 17
VisualStudioVersion = 17.6.33815.320
MinimumVisualStudioVersion = 10.0.40219.1
Project("{FAE04EC0-301F-11D3-BF4B-00C04F79EFBC}") = "lists", "lists\lists.csproj", "{FEEA144F-4B46-47AA-91F4-8B644811D2CF}"
EndProject
Global
	GlobalSection(SolutionConfigurationPlatforms) = preSolution
		Debug|Any CPU = Debug|Any CPU
		Release|Any CPU = Release|Any CPU
	EndGlobalSection
	GlobalSection(ProjectConfigurationPlatforms) = postSolution
		{FEEA144F-4B46-47AA-91F4-8B644811D2CF}.Debug|Any CPU.ActiveCfg = Debug|Any CPU
		{FEEA144F-4B46-47AA-91F4-8B644811D2CF}.Debug|Any CPU.Build.0 = Debug|Any CPU
		{FEEA144F-4B46-47AA-91F4-8B644811D2CF}.Release|Any CPU.ActiveCfg = Release|Any CPU
		{FEEA144F-4B46-47AA-91F4-8B644811D2CF}.Release|Any CPU.Build.0 = Release|Any CPU
	EndGlobalSection
	GlobalSection(SolutionProperties) = preSolution
		HideSolutionNode = FALSE
	EndGlobalSection
	GlobalSection(ExtensibilityGlobals) = postSolution
		SolutionGuid = {D133C664-5E1D-49F1-AE52-D76BE399A03B}
	EndGlobalSection
EndGlobal
